{
  "version": 4,
  "terraform_version": "0.12.14",
  "serial": 12,
  "lineage": "f8a45f97-32a1-f631-0c27-24b2655329ef",
  "outputs": {
    "public_ip": {
      "value": "3.134.93.237",
      "type": "string"
    }
  },
  "resources": [
    {
      "mode": "managed",
      "type": "aws_instance",
      "name": "example",
      "provider": "provider.aws",
      "instances": [
        {
          "schema_version": 1,
          "attributes": {
            "ami": "ami-0d5d9d301c853a04a",
            "arn": "arn:aws:ec2:us-east-2:162562915503:instance/i-0ff898ead405c62f2",
            "associate_public_ip_address": true,
            "availability_zone": "us-east-2c",
            "cpu_core_count": 1,
            "cpu_threads_per_core": 1,
            "credit_specification": [
              {
                "cpu_credits": "standard"
              }
            ],
            "disable_api_termination": false,
            "ebs_block_device": [],
            "ebs_optimized": false,
            "ephemeral_block_device": [],
            "get_password_data": false,
            "host_id": null,
            "iam_instance_profile": "",
            "id": "i-0ff898ead405c62f2",
            "instance_initiated_shutdown_behavior": null,
            "instance_state": "running",
            "instance_type": "t2.micro",
            "ipv6_address_count": 0,
            "ipv6_addresses": [],
            "key_name": "",
            "monitoring": false,
            "network_interface": [],
            "network_interface_id": null,
            "password_data": "",
            "placement_group": "",
            "primary_network_interface_id": "eni-0bd9e79332ffd903b",
            "private_dns": "ip-172-31-35-196.us-east-2.compute.internal",
            "private_ip": "172.31.35.196",
            "public_dns": "ec2-3-134-93-237.us-east-2.compute.amazonaws.com",
            "public_ip": "3.134.93.237",
            "root_block_device": [
              {
                "delete_on_termination": true,
                "encrypted": false,
                "iops": 100,
                "kms_key_id": "",
                "volume_id": "vol-0b4223a6ed7d11950",
                "volume_size": 8,
                "volume_type": "gp2"
              }
            ],
            "security_groups": [
              "brb-terraform-configurable-server"
            ],
            "source_dest_check": true,
            "subnet_id": "subnet-a07bd5ec",
            "tags": {
              "Name": "brb-terraform-configurable-server"
            },
            "tenancy": "default",
            "timeouts": null,
            "user_data": "721c8d0ace3c35ac2131ff7b7789949f26641ad4",
            "user_data_base64": null,
            "volume_tags": {},
            "vpc_security_group_ids": [
              "sg-07f4f3ae42cfde4f3"
            ]
          },
          "private": "eyJlMmJmYjczMC1lY2FhLTExZTYtOGY4OC0zNDM2M2JjN2M0YzAiOnsiY3JlYXRlIjo2MDAwMDAwMDAwMDAsImRlbGV0ZSI6MTIwMDAwMDAwMDAwMCwidXBkYXRlIjo2MDAwMDAwMDAwMDB9LCJzY2hlbWFfdmVyc2lvbiI6IjEifQ==",
          "depends_on": [
            "aws_security_group.instance"
          ]
        }
      ]
    },
    {
      "mode": "managed",
      "type": "aws_security_group",
      "name": "instance",
      "provider": "provider.aws",
      "instances": [
        {
          "schema_version": 1,
          "attributes": {
            "arn": "arn:aws:ec2:us-east-2:162562915503:security-group/sg-07f4f3ae42cfde4f3",
            "description": "Managed by Terraform",
            "egress": [],
            "id": "sg-07f4f3ae42cfde4f3",
            "ingress": [
              {
                "cidr_blocks": [
                  "0.0.0.0/0"
                ],
                "description": "",
                "from_port": 8080,
                "ipv6_cidr_blocks": [],
                "prefix_list_ids": [],
                "protocol": "tcp",
                "security_groups": [],
                "self": false,
                "to_port": 8080
              }
            ],
            "name": "brb-terraform-configurable-server",
            "name_prefix": null,
            "owner_id": "162562915503",
            "revoke_rules_on_delete": false,
            "tags": {},
            "timeouts": null,
            "vpc_id": "vpc-7546a71e"
          },
          "private": "eyJlMmJmYjczMC1lY2FhLTExZTYtOGY4OC0zNDM2M2JjN2M0YzAiOnsiY3JlYXRlIjo2MDAwMDAwMDAwMDAsImRlbGV0ZSI6NjAwMDAwMDAwMDAwfSwic2NoZW1hX3ZlcnNpb24iOiIxIn0="
        }
      ]
    }
  ]
}
